
Microsoft Visual Studio Solution File, Format Version 12.00
# Visual Studio 15
VisualStudioVersion = 15.0.28307.645
MinimumVisualStudioVersion = 10.0.40219.1
Project("{FAE04EC0-301F-11D3-BF4B-00C04F79EFBC}") = "Sample.Csharp.Code", "Sample.Csharp.Code\Sample.Csharp.Code.csproj", "{D19F3146-8050-43A6-93D2-53521488D355}"
EndProject
Global
	GlobalSection(SolutionConfigurationPlatforms) = preSolution
		Debug|Any CPU = Debug|Any CPU
		Release|Any CPU = Release|Any CPU
	EndGlobalSection
	GlobalSection(ProjectConfigurationPlatforms) = postSolution
		{D19F3146-8050-43A6-93D2-53521488D355}.Debug|Any CPU.ActiveCfg = Debug|Any CPU
		{D19F3146-8050-43A6-93D2-53521488D355}.Debug|Any CPU.Build.0 = Debug|Any CPU
		{D19F3146-8050-43A6-93D2-53521488D355}.Release|Any CPU.ActiveCfg = Release|Any CPU
		{D19F3146-8050-43A6-93D2-53521488D355}.Release|Any CPU.Build.0 = Release|Any CPU
	EndGlobalSection
	GlobalSection(SolutionProperties) = preSolution
		HideSolutionNode = FALSE
	EndGlobalSection
	GlobalSection(ExtensibilityGlobals) = postSolution
		SolutionGuid = {B158B2AA-D166-4AA9-A681-5E1E0CE5FFF6}
	EndGlobalSection
EndGlobal
